
Microsoft Visual Studio Solution File, Format Version 12.00
# Visual Studio Version 17
VisualStudioVersion = 17.7.34018.315
MinimumVisualStudioVersion = 10.0.40219.1
Project("{FAE04EC0-301F-11D3-BF4B-00C04F79EFBC}") = "TicketsAncona", "TicketsAncona\TicketsAncona.csproj", "{A9EF2583-E47D-48F6-8199-AAE416213858}"
EndProject
Global
	GlobalSection(SolutionConfigurationPlatforms) = preSolution
		Debug|Any CPU = Debug|Any CPU
		Release|Any CPU = Release|Any CPU
	EndGlobalSection
	GlobalSection(ProjectConfigurationPlatforms) = postSolution
		{A9EF2583-E47D-48F6-8199-AAE416213858}.Debug|Any CPU.ActiveCfg = Debug|Any CPU
		{A9EF2583-E47D-48F6-8199-AAE416213858}.Debug|Any CPU.Build.0 = Debug|Any CPU
		{A9EF2583-E47D-48F6-8199-AAE416213858}.Release|Any CPU.ActiveCfg = Release|Any CPU
		{A9EF2583-E47D-48F6-8199-AAE416213858}.Release|Any CPU.Build.0 = Release|Any CPU
	EndGlobalSection
	GlobalSection(SolutionProperties) = preSolution
		HideSolutionNode = FALSE
	EndGlobalSection
	GlobalSection(ExtensibilityGlobals) = postSolution
		SolutionGuid = {63C1E496-4030-483F-B55C-A1E504E014C6}
	EndGlobalSection
EndGlobal
